
Microsoft Visual Studio Solution File, Format Version 12.00
# Visual Studio Version 16
VisualStudioVersion = 16.0.33801.447
MinimumVisualStudioVersion = 10.0.40219.1
Project("{9A19103F-16F7-4668-BE54-9A1E7A4F7556}") = "PW2Prova", "PW2Prova\PW2Prova.csproj", "{E94330EF-F68A-49CA-B24C-6983DF15B6D4}"
EndProject
Global
	GlobalSection(SolutionConfigurationPlatforms) = preSolution
		Debug|Any CPU = Debug|Any CPU
		Release|Any CPU = Release|Any CPU
	EndGlobalSection
	GlobalSection(ProjectConfigurationPlatforms) = postSolution
		{E94330EF-F68A-49CA-B24C-6983DF15B6D4}.Debug|Any CPU.ActiveCfg = Debug|Any CPU
		{E94330EF-F68A-49CA-B24C-6983DF15B6D4}.Debug|Any CPU.Build.0 = Debug|Any CPU
		{E94330EF-F68A-49CA-B24C-6983DF15B6D4}.Release|Any CPU.ActiveCfg = Release|Any CPU
		{E94330EF-F68A-49CA-B24C-6983DF15B6D4}.Release|Any CPU.Build.0 = Release|Any CPU
	EndGlobalSection
	GlobalSection(SolutionProperties) = preSolution
		HideSolutionNode = FALSE
	EndGlobalSection
	GlobalSection(ExtensibilityGlobals) = postSolution
		SolutionGuid = {C1EBB2E6-23AB-4344-A5AC-235BC566E044}
	EndGlobalSection
EndGlobal
